
Microsoft Visual Studio Solution File, Format Version 12.00
# Visual Studio Version 16
VisualStudioVersion = 16.0.29326.143
MinimumVisualStudioVersion = 10.0.40219.1
Project("{FAE04EC0-301F-11D3-BF4B-00C04F79EFBC}") = "RedFox", "RedFox\RedFox.csproj", "{43ABCD5B-F03A-44F0-A439-F577D09C3759}"
EndProject
Global
	GlobalSection(SolutionConfigurationPlatforms) = preSolution
		Debug|Any CPU = Debug|Any CPU
		Release|Any CPU = Release|Any CPU
	EndGlobalSection
	GlobalSection(ProjectConfigurationPlatforms) = postSolution
		{43ABCD5B-F03A-44F0-A439-F577D09C3759}.Debug|Any CPU.ActiveCfg = Debug|Any CPU
		{43ABCD5B-F03A-44F0-A439-F577D09C3759}.Debug|Any CPU.Build.0 = Debug|Any CPU
		{43ABCD5B-F03A-44F0-A439-F577D09C3759}.Release|Any CPU.ActiveCfg = Release|Any CPU
		{43ABCD5B-F03A-44F0-A439-F577D09C3759}.Release|Any CPU.Build.0 = Release|Any CPU
	EndGlobalSection
	GlobalSection(SolutionProperties) = preSolution
		HideSolutionNode = FALSE
	EndGlobalSection
	GlobalSection(ExtensibilityGlobals) = postSolution
		SolutionGuid = {ADAFBB19-DB40-41EF-B327-90A5951EFD9D}
	EndGlobalSection
EndGlobal
